// !$*UTF8*$!
{
	archiveVersion = 1;
	classes = {
	};
	objectVersion = 55;
	objects = {

/* Begin PBXBuildFile section */
		F8B1F021270406370050E743 /* HelloCoreData_DemoApp.swift in Sources */ = {isa = PBXBuildFile; fileRef = F8B1F011270406360050E743 /* HelloCoreData_DemoApp.swift */; };
		F8B1F022270406370050E743 /* HelloCoreData_DemoApp.swift in Sources */ = {isa = PBXBuildFile; fileRef = F8B1F011270406360050E743 /* HelloCoreData_DemoApp.swift */; };
		F8B1F023270406370050E743 /* ContentView.swift in Sources */ = {isa = PBXBuildFile; fileRef = F8B1F012270406360050E743 /* ContentView.swift */; };
		F8B1F024270406370050E743 /* ContentView.swift in Sources */ = {isa = PBXBuildFile; fileRef = F8B1F012270406360050E743 /* ContentView.swift */; };
		F8B1F025270406370050E743 /* Assets.xcassets in Resources */ = {isa = PBXBuildFile; fileRef = F8B1F013270406370050E743 /* Assets.xcassets */; };
		F8B1F026270406370050E743 /* Assets.xcassets in Resources */ = {isa = PBXBuildFile; fileRef = F8B1F013270406370050E743 /* Assets.xcassets */; };
		F8B1F031270406500050E743 /* HelloCoreDataModel.xcdatamodeld in Sources */ = {isa = PBXBuildFile; fileRef = F8B1F02F270406500050E743 /* HelloCoreDataModel.xcdatamodeld */; };
		F8B1F032270406500050E743 /* HelloCoreDataModel.xcdatamodeld in Sources */ = {isa = PBXBuildFile; fileRef = F8B1F02F270406500050E743 /* HelloCoreDataModel.xcdatamodeld */; };
		F8B1F0342704069F0050E743 /* CoreDataManager.swift in Sources */ = {isa = PBXBuildFile; fileRef = F8B1F0332704069F0050E743 /* CoreDataManager.swift */; };
		F8B1F0352704069F0050E743 /* CoreDataManager.swift in Sources */ = {isa = PBXBuildFile; fileRef = F8B1F0332704069F0050E743 /* CoreDataManager.swift */; };
		F8B1F03827041D230050E743 /* MovieDetailsView.swift in Sources */ = {isa = PBXBuildFile; fileRef = F8B1F03727041D230050E743 /* MovieDetailsView.swift */; };
		F8B1F03927041D230050E743 /* MovieDetailsView.swift in Sources */ = {isa = PBXBuildFile; fileRef = F8B1F03727041D230050E743 /* MovieDetailsView.swift */; };
/* End PBXBuildFile section */

/* Begin PBXFileReference section */
		F8B1F011270406360050E743 /* HelloCoreData_DemoApp.swift */ = {isa = PBXFileReference; lastKnownFileType = sourcecode.swift; path = HelloCoreData_DemoApp.swift; sourceTree = "<group>"; };
		F8B1F012270406360050E743 /* ContentView.swift */ = {isa = PBXFileReference; lastKnownFileType = sourcecode.swift; path = ContentView.swift; sourceTree = "<group>"; };
		F8B1F013270406370050E743 /* Assets.xcassets */ = {isa = PBXFileReference; lastKnownFileType = folder.assetcatalog; path = Assets.xcassets; sourceTree = "<group>"; };
		F8B1F018270406370050E743 /* HelloCoreData Demo.app */ = {isa = PBXFileReference; explicitFileType = wrapper.application; includeInIndex = 0; path = "HelloCoreData Demo.app"; sourceTree = BUILT_PRODUCTS_DIR; };
		F8B1F01E270406370050E743 /* HelloCoreData Demo.app */ = {isa = PBXFileReference; explicitFileType = wrapper.application; includeInIndex = 0; path = "HelloCoreData Demo.app"; sourceTree = BUILT_PRODUCTS_DIR; };
		F8B1F020270406370050E743 /* macOS.entitlements */ = {isa = PBXFileReference; lastKnownFileType = text.plist.entitlements; path = macOS.entitlements; sourceTree = "<group>"; };
		F8B1F030270406500050E743 /* Model.xcdatamodel */ = {isa = PBXFileReference; lastKnownFileType = wrapper.xcdatamodel; path = Model.xcdatamodel; sourceTree = "<group>"; };
		F8B1F0332704069F0050E743 /* CoreDataManager.swift */ = {isa = PBXFileReference; lastKnownFileType = sourcecode.swift; path = CoreDataManager.swift; sourceTree = "<group>"; };
		F8B1F03727041D230050E743 /* MovieDetailsView.swift */ = {isa = PBXFileReference; lastKnownFileType = sourcecode.swift; path = MovieDetailsView.swift; sourceTree = "<group>"; };
/* End PBXFileReference section */

/* Begin PBXFrameworksBuildPhase section */
		F8B1F015270406370050E743 /* Frameworks */ = {
			isa = PBXFrameworksBuildPhase;
			buildActionMask = 2147483647;
			files = (
			);
			runOnlyForDeploymentPostprocessing = 0;
		};
		F8B1F01B270406370050E743 /* Frameworks */ = {
			isa = PBXFrameworksBuildPhase;
			buildActionMask = 2147483647;
			files = (
			);
			runOnlyForDeploymentPostprocessing = 0;
		};
/* End PBXFrameworksBuildPhase section */

/* Begin PBXGroup section */
		F8B1F00B270406360050E743 = {
			isa = PBXGroup;
			children = (
				F8B1F010270406360050E743 /* Shared */,
				F8B1F01F270406370050E743 /* macOS */,
				F8B1F019270406370050E743 /* Products */,
			);
			sourceTree = "<group>";
		};
		F8B1F010270406360050E743 /* Shared */ = {
			isa = PBXGroup;
			children = (
				F8B1F03627041D0A0050E743 /* Views */,
				F8B1F011270406360050E743 /* HelloCoreData_DemoApp.swift */,
				F8B1F013270406370050E743 /* Assets.xcassets */,
				F8B1F02F270406500050E743 /* HelloCoreDataModel.xcdatamodeld */,
				F8B1F0332704069F0050E743 /* CoreDataManager.swift */,
			);
			path = Shared;
			sourceTree = "<group>";
		};
		F8B1F019270406370050E743 /* Products */ = {
			isa = PBXGroup;
			children = (
				F8B1F018270406370050E743 /* HelloCoreData Demo.app */,
				F8B1F01E270406370050E743 /* HelloCoreData Demo.app */,
			);
			name = Products;
			sourceTree = "<group>";
		};
		F8B1F01F270406370050E743 /* macOS */ = {
			isa = PBXGroup;
			children = (
				F8B1F020270406370050E743 /* macOS.entitlements */,
			);
			path = macOS;
			sourceTree = "<group>";
		};
		F8B1F03627041D0A0050E743 /* Views */ = {
			isa = PBXGroup;
			children = (
				F8B1F012270406360050E743 /* ContentView.swift */,
				F8B1F03727041D230050E743 /* MovieDetailsView.swift */,
			);
			path = Views;
			sourceTree = "<group>";
		};
/* End PBXGroup section */

/* Begin PBXNativeTarget section */
		F8B1F017270406370050E743 /* HelloCoreData Demo (iOS) */ = {
			isa = PBXNativeTarget;
			buildConfigurationList = F8B1F029270406370050E743 /* Build configuration list for PBXNativeTarget "HelloCoreData Demo (iOS)" */;
			buildPhases = (
				F8B1F014270406370050E743 /* Sources */,
				F8B1F015270406370050E743 /* Frameworks */,
				F8B1F016270406370050E743 /* Resources */,
			);
			buildRules = (
			);
			dependencies = (
			);
			name = "HelloCoreData Demo (iOS)";
			productName = "HelloCoreData Demo (iOS)";
			productReference = F8B1F018270406370050E743 /* HelloCoreData Demo.app */;
			productType = "com.apple.product-type.application";
		};
		F8B1F01D270406370050E743 /* HelloCoreData Demo (macOS) */ = {
			isa = PBXNativeTarget;
			buildConfigurationList = F8B1F02C270406370050E743 /* Build configuration list for PBXNativeTarget "HelloCoreData Demo (macOS)" */;
			buildPhases = (
				F8B1F01A270406370050E743 /* Sources */,
				F8B1F01B270406370050E743 /* Frameworks */,
				F8B1F01C270406370050E743 /* Resources */,
			);
			buildRules = (
			);
			dependencies = (
			);
			name = "HelloCoreData Demo (macOS)";
			productName = "HelloCoreData Demo (macOS)";
			productReference = F8B1F01E270406370050E743 /* HelloCoreData Demo.app */;
			productType = "com.apple.product-type.application";
		};
/* End PBXNativeTarget section */

/* Begin PBXProject section */
		F8B1F00C270406360050E743 /* Project object */ = {
			isa = PBXProject;
			attributes = {
				BuildIndependentTargetsInParallel = 1;
				LastSwiftUpdateCheck = 1300;
				LastUpgradeCheck = 1300;
				TargetAttributes = {
					F8B1F017270406370050E743 = {
						CreatedOnToolsVersion = 13.0;
					};
					F8B1F01D270406370050E743 = {
						CreatedOnToolsVersion = 13.0;
					};
				};
			};
			buildConfigurationList = F8B1F00F270406360050E743 /* Build configuration list for PBXProject "HelloCoreData Demo" */;
			compatibilityVersion = "Xcode 13.0";
			developmentRegion = en;
			hasScannedForEncodings = 0;
			knownRegions = (
				en,
				Base,
			);
			mainGroup = F8B1F00B270406360050E743;
			productRefGroup = F8B1F019270406370050E743 /* Products */;
			projectDirPath = "";
			projectRoot = "";
			targets = (
				F8B1F017270406370050E743 /* HelloCoreData Demo (iOS) */,
				F8B1F01D270406370050E743 /* HelloCoreData Demo (macOS) */,
			);
		};
/* End PBXProject section */

/* Begin PBXResourcesBuildPhase section */
		F8B1F016270406370050E743 /* Resources */ = {
			isa = PBXResourcesBuildPhase;
			buildActionMask = 2147483647;
			files = (
				F8B1F025270406370050E743 /* Assets.xcassets in Resources */,
			);
			runOnlyForDeploymentPostprocessing = 0;
		};
		F8B1F01C270406370050E743 /* Resources */ = {
			isa = PBXResourcesBuildPhase;
			buildActionMask = 2147483647;
			files = (
				F8B1F026270406370050E743 /* Assets.xcassets in Resources */,
			);
			runOnlyForDeploymentPostprocessing = 0;
		};
/* End PBXResourcesBuildPhase section */

/* Begin PBXSourcesBuildPhase section */
		F8B1F014270406370050E743 /* Sources */ = {
			isa = PBXSourcesBuildPhase;
			buildActionMask = 2147483647;
			files = (
				F8B1F023270406370050E743 /* ContentView.swift in Sources */,
				F8B1F0342704069F0050E743 /* CoreDataManager.swift in Sources */,
				F8B1F021270406370050E743 /* HelloCoreData_DemoApp.swift in Sources */,
				F8B1F031270406500050E743 /* HelloCoreDataModel.xcdatamodeld in Sources */,
				F8B1F03827041D230050E743 /* MovieDetailsView.swift in Sources */,
			);
			runOnlyForDeploymentPostprocessing = 0;
		};
		F8B1F01A270406370050E743 /* Sources */ = {
			isa = PBXSourcesBuildPhase;
			buildActionMask = 2147483647;
			files = (
				F8B1F024270406370050E743 /* ContentView.swift in Sources */,
				F8B1F0352704069F0050E743 /* CoreDataManager.swift in Sources */,
				F8B1F022270406370050E743 /* HelloCoreData_DemoApp.swift in Sources */,
				F8B1F032270406500050E743 /* HelloCoreDataModel.xcdatamodeld in Sources */,
				F8B1F03927041D230050E743 /* MovieDetailsView.swift in Sources */,
			);
			runOnlyForDeploymentPostprocessing = 0;
		};
/* End PBXSourcesBuildPhase section */

/* Begin XCBuildConfiguration section */
		F8B1F027270406370050E743 /* Debug */ = {
			isa = XCBuildConfiguration;
			buildSettings = {
				ALWAYS_SEARCH_USER_PATHS = NO;
				CLANG_ANALYZER_NONNULL = YES;
				CLANG_ANALYZER_NUMBER_OBJECT_CONVERSION = YES_AGGRESSIVE;
				CLANG_CXX_LANGUAGE_STANDARD = "gnu++17";
				CLANG_CXX_LIBRARY = "libc++";
				CLANG_ENABLE_MODULES = YES;
				CLANG_ENABLE_OBJC_ARC = YES;
				CLANG_ENABLE_OBJC_WEAK = YES;
				CLANG_WARN_BLOCK_CAPTURE_AUTORELEASING = YES;
				CLANG_WARN_BOOL_CONVERSION = YES;
				CLANG_WARN_COMMA = YES;
				CLANG_WARN_CONSTANT_CONVERSION = YES;
				CLANG_WARN_DEPRECATED_OBJC_IMPLEMENTATIONS = YES;
				CLANG_WARN_DIRECT_OBJC_ISA_USAGE = YES_ERROR;
				CLANG_WARN_DOCUMENTATION_COMMENTS = YES;
				CLANG_WARN_EMPTY_BODY = YES;
				CLANG_WARN_ENUM_CONVERSION = YES;
				CLANG_WARN_INFINITE_RECURSION = YES;
				CLANG_WARN_INT_CONVERSION = YES;
				CLANG_WARN_NON_LITERAL_NULL_CONVERSION = YES;
				CLANG_WARN_OBJC_IMPLICIT_RETAIN_SELF = YES;
				CLANG_WARN_OBJC_LITERAL_CONVERSION = YES;
				CLANG_WARN_OBJC_ROOT_CLASS = YES_ERROR;
				CLANG_WARN_QUOTED_INCLUDE_IN_FRAMEWORK_HEADER = YES;
				CLANG_WARN_RANGE_LOOP_ANALYSIS = YES;
				CLANG_WARN_STRICT_PROTOTYPES = YES;
				CLANG_WARN_SUSPICIOUS_MOVE = YES;
				CLANG_WARN_UNGUARDED_AVAILABILITY = YES_AGGRESSIVE;
				CLANG_WARN_UNREACHABLE_CODE = YES;
				CLANG_WARN__DUPLICATE_METHOD_MATCH = YES;
				COPY_PHASE_STRIP = NO;
				DEBUG_INFORMATION_FORMAT = dwarf;
				ENABLE_STRICT_OBJC_MSGSEND = YES;
				ENABLE_TESTABILITY = YES;
				GCC_C_LANGUAGE_STANDARD = gnu11;
				GCC_DYNAMIC_NO_PIC = NO;
				GCC_NO_COMMON_BLOCKS = YES;
				GCC_OPTIMIZATION_LEVEL = 0;
				GCC_PREPROCESSOR_DEFINITIONS = (
					"DEBUG=1",
					"$(inherited)",
				);
				GCC_WARN_64_TO_32_BIT_CONVERSION = YES;
				GCC_WARN_ABOUT_RETURN_TYPE = YES_ERROR;
				GCC_WARN_UNDECLARED_SELECTOR = YES;
				GCC_WARN_UNINITIALIZED_AUTOS = YES_AGGRESSIVE;
				GCC_WARN_UNUSED_FUNCTION = YES;
				GCC_WARN_UNUSED_VARIABLE = YES;
				MTL_ENABLE_DEBUG_INFO = INCLUDE_SOURCE;
				MTL_FAST_MATH = YES;
				ONLY_ACTIVE_ARCH = YES;
				SWIFT_ACTIVE_COMPILATION_CONDITIONS = DEBUG;
				SWIFT_OPTIMIZATION_LEVEL = "-Onone";
			};
			name = Debug;
		};
		F8B1F028270406370050E743 /* Release */ = {
			isa = XCBuildConfiguration;
			buildSettings = {
				ALWAYS_SEARCH_USER_PATHS = NO;
				CLANG_ANALYZER_NONNULL = YES;
				CLANG_ANALYZER_NUMBER_OBJECT_CONVERSION = YES_AGGRESSIVE;
				CLANG_CXX_LANGUAGE_STANDARD = "gnu++17";
				CLANG_CXX_LIBRARY = "libc++";
				CLANG_ENABLE_MODULES = YES;
				CLANG_ENABLE_OBJC_ARC = YES;
				CLANG_ENABLE_OBJC_WEAK = YES;
				CLANG_WARN_BLOCK_CAPTURE_AUTORELEASING = YES;
				CLANG_WARN_BOOL_CONVERSION = YES;
				CLANG_WARN_COMMA = YES;
				CLANG_WARN_CONSTANT_CONVERSION = YES;
				CLANG_WARN_DEPRECATED_OBJC_IMPLEMENTATIONS = YES;
				CLANG_WARN_DIRECT_OBJC_ISA_USAGE = YES_ERROR;
				CLANG_WARN_DOCUMENTATION_COMMENTS = YES;
				CLANG_WARN_EMPTY_BODY = YES;
				CLANG_WARN_ENUM_CONVERSION = YES;
				CLANG_WARN_INFINITE_RECURSION = YES;
				CLANG_WARN_INT_CONVERSION = YES;
				CLANG_WARN_NON_LITERAL_NULL_CONVERSION = YES;
				CLANG_WARN_OBJC_IMPLICIT_RETAIN_SELF = YES;
				CLANG_WARN_OBJC_LITERAL_CONVERSION = YES;
				CLANG_WARN_OBJC_ROOT_CLASS = YES_ERROR;
				CLANG_WARN_QUOTED_INCLUDE_IN_FRAMEWORK_HEADER = YES;
				CLANG_WARN_RANGE_LOOP_ANALYSIS = YES;
				CLANG_WARN_STRICT_PROTOTYPES = YES;
				CLANG_WARN_SUSPICIOUS_MOVE = YES;
				CLANG_WARN_UNGUARDED_AVAILABILITY = YES_AGGRESSIVE;
				CLANG_WARN_UNREACHABLE_CODE = YES;
				CLANG_WARN__DUPLICATE_METHOD_MATCH = YES;
				COPY_PHASE_STRIP = NO;
				DEBUG_INFORMATION_FORMAT = "dwarf-with-dsym";
				ENABLE_NS_ASSERTIONS = NO;
				ENABLE_STRICT_OBJC_MSGSEND = YES;
				GCC_C_LANGUAGE_STANDARD = gnu11;
				GCC_NO_COMMON_BLOCKS = YES;
				GCC_WARN_64_TO_32_BIT_CONVERSION = YES;
				GCC_WARN_ABOUT_RETURN_TYPE = YES_ERROR;
				GCC_WARN_UNDECLARED_SELECTOR = YES;
				GCC_WARN_UNINITIALIZED_AUTOS = YES_AGGRESSIVE;
				GCC_WARN_UNUSED_FUNCTION = YES;
				GCC_WARN_UNUSED_VARIABLE = YES;
				MTL_ENABLE_DEBUG_INFO = NO;
				MTL_FAST_MATH = YES;
				SWIFT_COMPILATION_MODE = wholemodule;
				SWIFT_OPTIMIZATION_LEVEL = "-O";
			};
			name = Release;
		};
		F8B1F02A270406370050E743 /* Debug */ = {
			isa = XCBuildConfiguration;
			buildSettings = {
				ASSETCATALOG_COMPILER_APPICON_NAME = AppIcon;
				ASSETCATALOG_COMPILER_GLOBAL_ACCENT_COLOR_NAME = AccentColor;
				CODE_SIGN_STYLE = Automatic;
				CURRENT_PROJECT_VERSION = 1;
				DEVELOPMENT_TEAM = G6J4RFMLHY;
				ENABLE_PREVIEWS = YES;
				GENERATE_INFOPLIST_FILE = YES;
				INFOPLIST_KEY_UIApplicationSceneManifest_Generation = YES;
				INFOPLIST_KEY_UIApplicationSupportsIndirectInputEvents = YES;
				INFOPLIST_KEY_UILaunchScreen_Generation = YES;
				INFOPLIST_KEY_UISupportedInterfaceOrientations_iPad = "UIInterfaceOrientationPortrait UIInterfaceOrientationPortraitUpsideDown UIInterfaceOrientationLandscapeLeft UIInterfaceOrientationLandscapeRight";
				INFOPLIST_KEY_UISupportedInterfaceOrientations_iPhone = "UIInterfaceOrientationPortrait UIInterfaceOrientationLandscapeLeft UIInterfaceOrientationLandscapeRight";
				IPHONEOS_DEPLOYMENT_TARGET = 14.0;
				LD_RUNPATH_SEARCH_PATHS = (
					"$(inherited)",
					"@executable_path/Frameworks",
				);
				MARKETING_VERSION = 1.0;
				PRODUCT_BUNDLE_IDENTIFIER = "com.frederickjavalera.HelloCoreData-Demo";
				PRODUCT_NAME = "HelloCoreData Demo";
				SDKROOT = iphoneos;
				SWIFT_EMIT_LOC_STRINGS = YES;
				SWIFT_VERSION = 5.0;
				TARGETED_DEVICE_FAMILY = "1,2";
			};
			name = Debug;
		};
		F8B1F02B270406370050E743 /* Release */ = {
			isa = XCBuildConfiguration;
			buildSettings = {
				ASSETCATALOG_COMPILER_APPICON_NAME = AppIcon;
				ASSETCATALOG_COMPILER_GLOBAL_ACCENT_COLOR_NAME = AccentColor;
				CODE_SIGN_STYLE = Automatic;
				CURRENT_PROJECT_VERSION = 1;
				DEVELOPMENT_TEAM = G6J4RFMLHY;
				ENABLE_PREVIEWS = YES;
				GENERATE_INFOPLIST_FILE = YES;
				INFOPLIST_KEY_UIApplicationSceneManifest_Generation = YES;
				INFOPLIST_KEY_UIApplicationSupportsIndirectInputEvents = YES;
				INFOPLIST_KEY_UILaunchScreen_Generation = YES;
				INFOPLIST_KEY_UISupportedInterfaceOrientations_iPad = "UIInterfaceOrientationPortrait UIInterfaceOrientationPortraitUpsideDown UIInterfaceOrientationLandscapeLeft UIInterfaceOrientationLandscapeRight";
				INFOPLIST_KEY_UISupportedInterfaceOrientations_iPhone = "UIInterfaceOrientationPortrait UIInterfaceOrientationLandscapeLeft UIInterfaceOrientationLandscapeRight";
				IPHONEOS_DEPLOYMENT_TARGET = 14.0;
				LD_RUNPATH_SEARCH_PATHS = (
					"$(inherited)",
					"@executable_path/Frameworks",
				);
				MARKETING_VERSION = 1.0;
				PRODUCT_BUNDLE_IDENTIFIER = "com.frederickjavalera.HelloCoreData-Demo";
				PRODUCT_NAME = "HelloCoreData Demo";
				SDKROOT = iphoneos;
				SWIFT_EMIT_LOC_STRINGS = YES;
				SWIFT_VERSION = 5.0;
				TARGETED_DEVICE_FAMILY = "1,2";
				VALIDATE_PRODUCT = YES;
			};
			name = Release;
		};
		F8B1F02D270406370050E743 /* Debug */ = {
			isa = XCBuildConfiguration;
			buildSettings = {
				ASSETCATALOG_COMPILER_APPICON_NAME = AppIcon;
				ASSETCATALOG_COMPILER_GLOBAL_ACCENT_COLOR_NAME = AccentColor;
				CODE_SIGN_ENTITLEMENTS = macOS/macOS.entitlements;
				CODE_SIGN_STYLE = Automatic;
				COMBINE_HIDPI_IMAGES = YES;
				CURRENT_PROJECT_VERSION = 1;
				DEVELOPMENT_TEAM = G6J4RFMLHY;
				ENABLE_HARDENED_RUNTIME = YES;
				ENABLE_PREVIEWS = YES;
				GENERATE_INFOPLIST_FILE = YES;
				INFOPLIST_KEY_NSHumanReadableCopyright = "";
				LD_RUNPATH_SEARCH_PATHS = (
					"$(inherited)",
					"@executable_path/../Frameworks",
				);
				MACOSX_DEPLOYMENT_TARGET = 11.0;
				MARKETING_VERSION = 1.0;
				PRODUCT_BUNDLE_IDENTIFIER = "com.frederickjavalera.HelloCoreData-Demo";
				PRODUCT_NAME = "HelloCoreData Demo";
				SDKROOT = macosx;
				SWIFT_EMIT_LOC_STRINGS = YES;
				SWIFT_VERSION = 5.0;
			};
			name = Debug;
		};
		F8B1F02E270406370050E743 /* Release */ = {
			isa = XCBuildConfiguration;
			buildSettings = {
				ASSETCATALOG_COMPILER_APPICON_NAME = AppIcon;
				ASSETCATALOG_COMPILER_GLOBAL_ACCENT_COLOR_NAME = AccentColor;
				CODE_SIGN_ENTITLEMENTS = macOS/macOS.entitlements;
				CODE_SIGN_STYLE = Automatic;
				COMBINE_HIDPI_IMAGES = YES;
				CURRENT_PROJECT_VERSION = 1;
				DEVELOPMENT_TEAM = G6J4RFMLHY;
				ENABLE_HARDENED_RUNTIME = YES;
				ENABLE_PREVIEWS = YES;
				GENERATE_INFOPLIST_FILE = YES;
				INFOPLIST_KEY_NSHumanReadableCopyright = "";
				LD_RUNPATH_SEARCH_PATHS = (
					"$(inherited)",
					"@executable_path/../Frameworks",
				);
				MACOSX_DEPLOYMENT_TARGET = 11.0;
				MARKETING_VERSION = 1.0;
				PRODUCT_BUNDLE_IDENTIFIER = "com.frederickjavalera.HelloCoreData-Demo";
				PRODUCT_NAME = "HelloCoreData Demo";
				SDKROOT = macosx;
				SWIFT_EMIT_LOC_STRINGS = YES;
				SWIFT_VERSION = 5.0;
			};
			name = Release;
		};
/* End XCBuildConfiguration section */

/* Begin XCConfigurationList section */
		F8B1F00F270406360050E743 /* Build configuration list for PBXProject "HelloCoreData Demo" */ = {
			isa = XCConfigurationList;
			buildConfigurations = (
				F8B1F027270406370050E743 /* Debug */,
				F8B1F028270406370050E743 /* Release */,
			);
			defaultConfigurationIsVisible = 0;
			defaultConfigurationName = Release;
		};
		F8B1F029270406370050E743 /* Build configuration list for PBXNativeTarget "HelloCoreData Demo (iOS)" */ = {
			isa = XCConfigurationList;
			buildConfigurations = (
				F8B1F02A270406370050E743 /* Debug */,
				F8B1F02B270406370050E743 /* Release */,
			);
			defaultConfigurationIsVisible = 0;
			defaultConfigurationName = Release;
		};
		F8B1F02C270406370050E743 /* Build configuration list for PBXNativeTarget "HelloCoreData Demo (macOS)" */ = {
			isa = XCConfigurationList;
			buildConfigurations = (
				F8B1F02D270406370050E743 /* Debug */,
				F8B1F02E270406370050E743 /* Release */,
			);
			defaultConfigurationIsVisible = 0;
			defaultConfigurationName = Release;
		};
/* End XCConfigurationList section */

/* Begin XCVersionGroup section */
		F8B1F02F270406500050E743 /* HelloCoreDataModel.xcdatamodeld */ = {
			isa = XCVersionGroup;
			children = (
				F8B1F030270406500050E743 /* Model.xcdatamodel */,
			);
			currentVersion = F8B1F030270406500050E743 /* Model.xcdatamodel */;
			path = HelloCoreDataModel.xcdatamodeld;
			sourceTree = "<group>";
			versionGroupType = wrapper.xcdatamodel;
		};
/* End XCVersionGroup section */
	};
	rootObject = F8B1F00C270406360050E743 /* Project object */;
}
